// !$*UTF8*$!
{
	archiveVersion = 1;
	classes = {
	};
	objectVersion = 48;
	objects = {

/* Begin PBXBuildFile section */
		B74C51361FFBA75900127AFA /* AppDelegate.swift in Sources */ = {isa = PBXBuildFile; fileRef = B74C51351FFBA75900127AFA /* AppDelegate.swift */; };
		B74C51381FFBA75900127AFA /* ViewController.swift in Sources */ = {isa = PBXBuildFile; fileRef = B74C51371FFBA75900127AFA /* ViewController.swift */; };
		B74C513B1FFBA75900127AFA /* Main.storyboard in Resources */ = {isa = PBXBuildFile; fileRef = B74C51391FFBA75900127AFA /* Main.storyboard */; };
		B74C513D1FFBA75900127AFA /* Assets.xcassets in Resources */ = {isa = PBXBuildFile; fileRef = B74C513C1FFBA75900127AFA /* Assets.xcassets */; };
		B74C51401FFBA75900127AFA /* LaunchScreen.storyboard in Resources */ = {isa = PBXBuildFile; fileRef = B74C513E1FFBA75900127AFA /* LaunchScreen.storyboard */; };
		B74C514B1FFBA75900127AFA /* TipCalcTests.swift in Sources */ = {isa = PBXBuildFile; fileRef = B74C514A1FFBA75900127AFA /* TipCalcTests.swift */; };
		B74C51561FFBA75900127AFA /* TipCalcUITests.swift in Sources */ = {isa = PBXBuildFile; fileRef = B74C51551FFBA75900127AFA /* TipCalcUITests.swift */; };
/* End PBXBuildFile section */

/* Begin PBXContainerItemProxy section */
		B74C51471FFBA75900127AFA /* PBXContainerItemProxy */ = {
			isa = PBXContainerItemProxy;
			containerPortal = B74C512A1FFBA75800127AFA /* Project object */;
			proxyType = 1;
			remoteGlobalIDString = B74C51311FFBA75900127AFA;
			remoteInfo = TipCalc;
		};
		B74C51521FFBA75900127AFA /* PBXContainerItemProxy */ = {
			isa = PBXContainerItemProxy;
			containerPortal = B74C512A1FFBA75800127AFA /* Project object */;
			proxyType = 1;
			remoteGlobalIDString = B74C51311FFBA75900127AFA;
			remoteInfo = TipCalc;
		};
/* End PBXContainerItemProxy section */

/* Begin PBXFileReference section */
		B74C51321FFBA75900127AFA /* TipCalc.app */ = {isa = PBXFileReference; explicitFileType = wrapper.application; includeInIndex = 0; path = TipCalc.app; sourceTree = BUILT_PRODUCTS_DIR; };
		B74C51351FFBA75900127AFA /* AppDelegate.swift */ = {isa = PBXFileReference; lastKnownFileType = sourcecode.swift; path = AppDelegate.swift; sourceTree = "<group>"; };
		B74C51371FFBA75900127AFA /* ViewController.swift */ = {isa = PBXFileReference; lastKnownFileType = sourcecode.swift; path = ViewController.swift; sourceTree = "<group>"; };
		B74C513A1FFBA75900127AFA /* Base */ = {isa = PBXFileReference; lastKnownFileType = file.storyboard; name = Base; path = Base.lproj/Main.storyboard; sourceTree = "<group>"; };
		B74C513C1FFBA75900127AFA /* Assets.xcassets */ = {isa = PBXFileReference; lastKnownFileType = folder.assetcatalog; path = Assets.xcassets; sourceTree = "<group>"; };
		B74C513F1FFBA75900127AFA /* Base */ = {isa = PBXFileReference; lastKnownFileType = file.storyboard; name = Base; path = Base.lproj/LaunchScreen.storyboard; sourceTree = "<group>"; };
		B74C51411FFBA75900127AFA /* Info.plist */ = {isa = PBXFileReference; lastKnownFileType = text.plist.xml; path = Info.plist; sourceTree = "<group>"; };
		B74C51461FFBA75900127AFA /* TipCalcTests.xctest */ = {isa = PBXFileReference; explicitFileType = wrapper.cfbundle; includeInIndex = 0; path = TipCalcTests.xctest; sourceTree = BUILT_PRODUCTS_DIR; };
		B74C514A1FFBA75900127AFA /* TipCalcTests.swift */ = {isa = PBXFileReference; lastKnownFileType = sourcecode.swift; path = TipCalcTests.swift; sourceTree = "<group>"; };
		B74C514C1FFBA75900127AFA /* Info.plist */ = {isa = PBXFileReference; lastKnownFileType = text.plist.xml; path = Info.plist; sourceTree = "<group>"; };
		B74C51511FFBA75900127AFA /* TipCalcUITests.xctest */ = {isa = PBXFileReference; explicitFileType = wrapper.cfbundle; includeInIndex = 0; path = TipCalcUITests.xctest; sourceTree = BUILT_PRODUCTS_DIR; };
		B74C51551FFBA75900127AFA /* TipCalcUITests.swift */ = {isa = PBXFileReference; lastKnownFileType = sourcecode.swift; path = TipCalcUITests.swift; sourceTree = "<group>"; };
		B74C51571FFBA75900127AFA /* Info.plist */ = {isa = PBXFileReference; lastKnownFileType = text.plist.xml; path = Info.plist; sourceTree = "<group>"; };
/* End PBXFileReference section */

/* Begin PBXFrameworksBuildPhase section */
		B74C512F1FFBA75900127AFA /* Frameworks */ = {
			isa = PBXFrameworksBuildPhase;
			buildActionMask = 2147483647;
			files = (
			);
			runOnlyForDeploymentPostprocessing = 0;
		};
		B74C51431FFBA75900127AFA /* Frameworks */ = {
			isa = PBXFrameworksBuildPhase;
			buildActionMask = 2147483647;
			files = (
			);
			runOnlyForDeploymentPostprocessing = 0;
		};
		B74C514E1FFBA75900127AFA /* Frameworks */ = {
			isa = PBXFrameworksBuildPhase;
			buildActionMask = 2147483647;
			files = (
			);
			runOnlyForDeploymentPostprocessing = 0;
		};
/* End PBXFrameworksBuildPhase section */

/* Begin PBXGroup section */
		B74C51291FFBA75800127AFA = {
			isa = PBXGroup;
			children = (
				B74C51341FFBA75900127AFA /* TipCalc */,
				B74C51491FFBA75900127AFA /* TipCalcTests */,
				B74C51541FFBA75900127AFA /* TipCalcUITests */,
				B74C51331FFBA75900127AFA /* Products */,
			);
			sourceTree = "<group>";
		};
		B74C51331FFBA75900127AFA /* Products */ = {
			isa = PBXGroup;
			children = (
				B74C51321FFBA75900127AFA /* TipCalc.app */,
				B74C51461FFBA75900127AFA /* TipCalcTests.xctest */,
				B74C51511FFBA75900127AFA /* TipCalcUITests.xctest */,
			);
			name = Products;
			sourceTree = "<group>";
		};
		B74C51341FFBA75900127AFA /* TipCalc */ = {
			isa = PBXGroup;
			children = (
				B74C51351FFBA75900127AFA /* AppDelegate.swift */,
				B74C51371FFBA75900127AFA /* ViewController.swift */,
				B74C51391FFBA75900127AFA /* Main.storyboard */,
				B74C513C1FFBA75900127AFA /* Assets.xcassets */,
				B74C513E1FFBA75900127AFA /* LaunchScreen.storyboard */,
				B74C51411FFBA75900127AFA /* Info.plist */,
			);
			path = TipCalc;
			sourceTree = "<group>";
		};
		B74C51491FFBA75900127AFA /* TipCalcTests */ = {
			isa = PBXGroup;
			children = (
				B74C514A1FFBA75900127AFA /* TipCalcTests.swift */,
				B74C514C1FFBA75900127AFA /* Info.plist */,
			);
			path = TipCalcTests;
			sourceTree = "<group>";
		};
		B74C51541FFBA75900127AFA /* TipCalcUITests */ = {
			isa = PBXGroup;
			children = (
				B74C51551FFBA75900127AFA /* TipCalcUITests.swift */,
				B74C51571FFBA75900127AFA /* Info.plist */,
			);
			path = TipCalcUITests;
			sourceTree = "<group>";
		};
/* End PBXGroup section */

/* Begin PBXNativeTarget section */
		B74C51311FFBA75900127AFA /* TipCalc */ = {
			isa = PBXNativeTarget;
			buildConfigurationList = B74C515A1FFBA75900127AFA /* Build configuration list for PBXNativeTarget "TipCalc" */;
			buildPhases = (
				B74C512E1FFBA75900127AFA /* Sources */,
				B74C512F1FFBA75900127AFA /* Frameworks */,
				B74C51301FFBA75900127AFA /* Resources */,
			);
			buildRules = (
			);
			dependencies = (
			);
			name = TipCalc;
			productName = TipCalc;
			productReference = B74C51321FFBA75900127AFA /* TipCalc.app */;
			productType = "com.apple.product-type.application";
		};
		B74C51451FFBA75900127AFA /* TipCalcTests */ = {
			isa = PBXNativeTarget;
			buildConfigurationList = B74C515D1FFBA75900127AFA /* Build configuration list for PBXNativeTarget "TipCalcTests" */;
			buildPhases = (
				B74C51421FFBA75900127AFA /* Sources */,
				B74C51431FFBA75900127AFA /* Frameworks */,
				B74C51441FFBA75900127AFA /* Resources */,
			);
			buildRules = (
			);
			dependencies = (
				B74C51481FFBA75900127AFA /* PBXTargetDependency */,
			);
			name = TipCalcTests;
			productName = TipCalcTests;
			productReference = B74C51461FFBA75900127AFA /* TipCalcTests.xctest */;
			productType = "com.apple.product-type.bundle.unit-test";
		};
		B74C51501FFBA75900127AFA /* TipCalcUITests */ = {
			isa = PBXNativeTarget;
			buildConfigurationList = B74C51601FFBA75900127AFA /* Build configuration list for PBXNativeTarget "TipCalcUITests" */;
			buildPhases = (
				B74C514D1FFBA75900127AFA /* Sources */,
				B74C514E1FFBA75900127AFA /* Frameworks */,
				B74C514F1FFBA75900127AFA /* Resources */,
			);
			buildRules = (
			);
			dependencies = (
				B74C51531FFBA75900127AFA /* PBXTargetDependency */,
			);
			name = TipCalcUITests;
			productName = TipCalcUITests;
			productReference = B74C51511FFBA75900127AFA /* TipCalcUITests.xctest */;
			productType = "com.apple.product-type.bundle.ui-testing";
		};
/* End PBXNativeTarget section */

/* Begin PBXProject section */
		B74C512A1FFBA75800127AFA /* Project object */ = {
			isa = PBXProject;
			attributes = {
				LastSwiftUpdateCheck = 0920;
				LastUpgradeCheck = 0920;
				ORGANIZATIONNAME = "Manik Narang";
				TargetAttributes = {
					B74C51311FFBA75900127AFA = {
						CreatedOnToolsVersion = 9.2;
						ProvisioningStyle = Automatic;
					};
					B74C51451FFBA75900127AFA = {
						CreatedOnToolsVersion = 9.2;
						ProvisioningStyle = Automatic;
						TestTargetID = B74C51311FFBA75900127AFA;
					};
					B74C51501FFBA75900127AFA = {
						CreatedOnToolsVersion = 9.2;
						ProvisioningStyle = Automatic;
						TestTargetID = B74C51311FFBA75900127AFA;
					};
				};
			};
			buildConfigurationList = B74C512D1FFBA75800127AFA /* Build configuration list for PBXProject "TipCalc" */;
			compatibilityVersion = "Xcode 8.0";
			developmentRegion = en;
			hasScannedForEncodings = 0;
			knownRegions = (
				en,
				Base,
			);
			mainGroup = B74C51291FFBA75800127AFA;
			productRefGroup = B74C51331FFBA75900127AFA /* Products */;
			projectDirPath = "";
			projectRoot = "";
			targets = (
				B74C51311FFBA75900127AFA /* TipCalc */,
				B74C51451FFBA75900127AFA /* TipCalcTests */,
				B74C51501FFBA75900127AFA /* TipCalcUITests */,
			);
		};
/* End PBXProject section */

/* Begin PBXResourcesBuildPhase section */
		B74C51301FFBA75900127AFA /* Resources */ = {
			isa = PBXResourcesBuildPhase;
			buildActionMask = 2147483647;
			files = (
				B74C51401FFBA75900127AFA /* LaunchScreen.storyboard in Resources */,
				B74C513D1FFBA75900127AFA /* Assets.xcassets in Resources */,
				B74C513B1FFBA75900127AFA /* Main.storyboard in Resources */,
			);
			runOnlyForDeploymentPostprocessing = 0;
		};
		B74C51441FFBA75900127AFA /* Resources */ = {
			isa = PBXResourcesBuildPhase;
			buildActionMask = 2147483647;
			files = (
			);
			runOnlyForDeploymentPostprocessing = 0;
		};
		B74C514F1FFBA75900127AFA /* Resources */ = {
			isa = PBXResourcesBuildPhase;
			buildActionMask = 2147483647;
			files = (
			);
			runOnlyForDeploymentPostprocessing = 0;
		};
/* End PBXResourcesBuildPhase section */

/* Begin PBXSourcesBuildPhase section */
		B74C512E1FFBA75900127AFA /* Sources */ = {
			isa = PBXSourcesBuildPhase;
			buildActionMask = 2147483647;
			files = (
				B74C51381FFBA75900127AFA /* ViewController.swift in Sources */,
				B74C51361FFBA75900127AFA /* AppDelegate.swift in Sources */,
			);
			runOnlyForDeploymentPostprocessing = 0;
		};
		B74C51421FFBA75900127AFA /* Sources */ = {
			isa = PBXSourcesBuildPhase;
			buildActionMask = 2147483647;
			files = (
				B74C514B1FFBA75900127AFA /* TipCalcTests.swift in Sources */,
			);
			runOnlyForDeploymentPostprocessing = 0;
		};
		B74C514D1FFBA75900127AFA /* Sources */ = {
			isa = PBXSourcesBuildPhase;
			buildActionMask = 2147483647;
			files = (
				B74C51561FFBA75900127AFA /* TipCalcUITests.swift in Sources */,
			);
			runOnlyForDeploymentPostprocessing = 0;
		};
/* End PBXSourcesBuildPhase section */

/* Begin PBXTargetDependency section */
		B74C51481FFBA75900127AFA /* PBXTargetDependency */ = {
			isa = PBXTargetDependency;
			target = B74C51311FFBA75900127AFA /* TipCalc */;
			targetProxy = B74C51471FFBA75900127AFA /* PBXContainerItemProxy */;
		};
		B74C51531FFBA75900127AFA /* PBXTargetDependency */ = {
			isa = PBXTargetDependency;
			target = B74C51311FFBA75900127AFA /* TipCalc */;
			targetProxy = B74C51521FFBA75900127AFA /* PBXContainerItemProxy */;
		};
/* End PBXTargetDependency section */

/* Begin PBXVariantGroup section */
		B74C51391FFBA75900127AFA /* Main.storyboard */ = {
			isa = PBXVariantGroup;
			children = (
				B74C513A1FFBA75900127AFA /* Base */,
			);
			name = Main.storyboard;
			sourceTree = "<group>";
		};
		B74C513E1FFBA75900127AFA /* LaunchScreen.storyboard */ = {
			isa = PBXVariantGroup;
			children = (
				B74C513F1FFBA75900127AFA /* Base */,
			);
			name = LaunchScreen.storyboard;
			sourceTree = "<group>";
		};
/* End PBXVariantGroup section */

/* Begin XCBuildConfiguration section */
		B74C51581FFBA75900127AFA /* Debug */ = {
			isa = XCBuildConfiguration;
			buildSettings = {
				ALWAYS_SEARCH_USER_PATHS = NO;
				CLANG_ANALYZER_NONNULL = YES;
				CLANG_ANALYZER_NUMBER_OBJECT_CONVERSION = YES_AGGRESSIVE;
				CLANG_CXX_LANGUAGE_STANDARD = "gnu++14";
				CLANG_CXX_LIBRARY = "libc++";
				CLANG_ENABLE_MODULES = YES;
				CLANG_ENABLE_OBJC_ARC = YES;
				CLANG_WARN_BLOCK_CAPTURE_AUTORELEASING = YES;
				CLANG_WARN_BOOL_CONVERSION = YES;
				CLANG_WARN_COMMA = YES;
				CLANG_WARN_CONSTANT_CONVERSION = YES;
				CLANG_WARN_DIRECT_OBJC_ISA_USAGE = YES_ERROR;
				CLANG_WARN_DOCUMENTATION_COMMENTS = YES;
				CLANG_WARN_EMPTY_BODY = YES;
				CLANG_WARN_ENUM_CONVERSION = YES;
				CLANG_WARN_INFINITE_RECURSION = YES;
				CLANG_WARN_INT_CONVERSION = YES;
				CLANG_WARN_NON_LITERAL_NULL_CONVERSION = YES;
				CLANG_WARN_OBJC_LITERAL_CONVERSION = YES;
				CLANG_WARN_OBJC_ROOT_CLASS = YES_ERROR;
				CLANG_WARN_RANGE_LOOP_ANALYSIS = YES;
				CLANG_WARN_STRICT_PROTOTYPES = YES;
				CLANG_WARN_SUSPICIOUS_MOVE = YES;
				CLANG_WARN_UNGUARDED_AVAILABILITY = YES_AGGRESSIVE;
				CLANG_WARN_UNREACHABLE_CODE = YES;
				CLANG_WARN__DUPLICATE_METHOD_MATCH = YES;
				CODE_SIGN_IDENTITY = "iPhone Developer";
				COPY_PHASE_STRIP = NO;
				DEBUG_INFORMATION_FORMAT = dwarf;
				ENABLE_STRICT_OBJC_MSGSEND = YES;
				ENABLE_TESTABILITY = YES;
				GCC_C_LANGUAGE_STANDARD = gnu11;
				GCC_DYNAMIC_NO_PIC = NO;
				GCC_NO_COMMON_BLOCKS = YES;
				GCC_OPTIMIZATION_LEVEL = 0;
				GCC_PREPROCESSOR_DEFINITIONS = (
					"DEBUG=1",
					"$(inherited)",
				);
				GCC_WARN_64_TO_32_BIT_CONVERSION = YES;
				GCC_WARN_ABOUT_RETURN_TYPE = YES_ERROR;
				GCC_WARN_UNDECLARED_SELECTOR = YES;
				GCC_WARN_UNINITIALIZED_AUTOS = YES_AGGRESSIVE;
				GCC_WARN_UNUSED_FUNCTION = YES;
				GCC_WARN_UNUSED_VARIABLE = YES;
				IPHONEOS_DEPLOYMENT_TARGET = 11.2;
				MTL_ENABLE_DEBUG_INFO = YES;
				ONLY_ACTIVE_ARCH = YES;
				SDKROOT = iphoneos;
				SWIFT_ACTIVE_COMPILATION_CONDITIONS = DEBUG;
				SWIFT_OPTIMIZATION_LEVEL = "-Onone";
			};
			name = Debug;
		};
		B74C51591FFBA75900127AFA /* Release */ = {
			isa = XCBuildConfiguration;
			buildSettings = {
				ALWAYS_SEARCH_USER_PATHS = NO;
				CLANG_ANALYZER_NONNULL = YES;
				CLANG_ANALYZER_NUMBER_OBJECT_CONVERSION = YES_AGGRESSIVE;
				CLANG_CXX_LANGUAGE_STANDARD = "gnu++14";
				CLANG_CXX_LIBRARY = "libc++";
				CLANG_ENABLE_MODULES = YES;
				CLANG_ENABLE_OBJC_ARC = YES;
				CLANG_WARN_BLOCK_CAPTURE_AUTORELEASING = YES;
				CLANG_WARN_BOOL_CONVERSION = YES;
				CLANG_WARN_COMMA = YES;
				CLANG_WARN_CONSTANT_CONVERSION = YES;
				CLANG_WARN_DIRECT_OBJC_ISA_USAGE = YES_ERROR;
				CLANG_WARN_DOCUMENTATION_COMMENTS = YES;
				CLANG_WARN_EMPTY_BODY = YES;
				CLANG_WARN_ENUM_CONVERSION = YES;
				CLANG_WARN_INFINITE_RECURSION = YES;
				CLANG_WARN_INT_CONVERSION = YES;
				CLANG_WARN_NON_LITERAL_NULL_CONVERSION = YES;
				CLANG_WARN_OBJC_LITERAL_CONVERSION = YES;
				CLANG_WARN_OBJC_ROOT_CLASS = YES_ERROR;
				CLANG_WARN_RANGE_LOOP_ANALYSIS = YES;
				CLANG_WARN_STRICT_PROTOTYPES = YES;
				CLANG_WARN_SUSPICIOUS_MOVE = YES;
				CLANG_WARN_UNGUARDED_AVAILABILITY = YES_AGGRESSIVE;
				CLANG_WARN_UNREACHABLE_CODE = YES;
				CLANG_WARN__DUPLICATE_METHOD_MATCH = YES;
				CODE_SIGN_IDENTITY = "iPhone Developer";
				COPY_PHASE_STRIP = NO;
				DEBUG_INFORMATION_FORMAT = "dwarf-with-dsym";
				ENABLE_NS_ASSERTIONS = NO;
				ENABLE_STRICT_OBJC_MSGSEND = YES;
				GCC_C_LANGUAGE_STANDARD = gnu11;
				GCC_NO_COMMON_BLOCKS = YES;
				GCC_WARN_64_TO_32_BIT_CONVERSION = YES;
				GCC_WARN_ABOUT_RETURN_TYPE = YES_ERROR;
				GCC_WARN_UNDECLARED_SELECTOR = YES;
				GCC_WARN_UNINITIALIZED_AUTOS = YES_AGGRESSIVE;
				GCC_WARN_UNUSED_FUNCTION = YES;
				GCC_WARN_UNUSED_VARIABLE = YES;
				IPHONEOS_DEPLOYMENT_TARGET = 11.2;
				MTL_ENABLE_DEBUG_INFO = NO;
				SDKROOT = iphoneos;
				SWIFT_OPTIMIZATION_LEVEL = "-Owholemodule";
				VALIDATE_PRODUCT = YES;
			};
			name = Release;
		};
		B74C515B1FFBA75900127AFA /* Debug */ = {
			isa = XCBuildConfiguration;
			buildSettings = {
				ASSETCATALOG_COMPILER_APPICON_NAME = AppIcon;
				CODE_SIGN_STYLE = Automatic;
				INFOPLIST_FILE = TipCalc/Info.plist;
				LD_RUNPATH_SEARCH_PATHS = "$(inherited) @executable_path/Frameworks";
				PRODUCT_BUNDLE_IDENTIFIER = com.maniknarang.TipCalc;
				PRODUCT_NAME = "$(TARGET_NAME)";
				SWIFT_VERSION = 4.0;
				TARGETED_DEVICE_FAMILY = "1,2";
			};
			name = Debug;
		};
		B74C515C1FFBA75900127AFA /* Release */ = {
			isa = XCBuildConfiguration;
			buildSettings = {
				ASSETCATALOG_COMPILER_APPICON_NAME = AppIcon;
				CODE_SIGN_STYLE = Automatic;
				INFOPLIST_FILE = TipCalc/Info.plist;
				LD_RUNPATH_SEARCH_PATHS = "$(inherited) @executable_path/Frameworks";
				PRODUCT_BUNDLE_IDENTIFIER = com.maniknarang.TipCalc;
				PRODUCT_NAME = "$(TARGET_NAME)";
				SWIFT_VERSION = 4.0;
				TARGETED_DEVICE_FAMILY = "1,2";
			};
			name = Release;
		};
		B74C515E1FFBA75900127AFA /* Debug */ = {
			isa = XCBuildConfiguration;
			buildSettings = {
				ALWAYS_EMBED_SWIFT_STANDARD_LIBRARIES = YES;
				BUNDLE_LOADER = "$(TEST_HOST)";
				CODE_SIGN_STYLE = Automatic;
				INFOPLIST_FILE = TipCalcTests/Info.plist;
				LD_RUNPATH_SEARCH_PATHS = "$(inherited) @executable_path/Frameworks @loader_path/Frameworks";
				PRODUCT_BUNDLE_IDENTIFIER = com.maniknarang.TipCalcTests;
				PRODUCT_NAME = "$(TARGET_NAME)";
				SWIFT_VERSION = 4.0;
				TARGETED_DEVICE_FAMILY = "1,2";
				TEST_HOST = "$(BUILT_PRODUCTS_DIR)/TipCalc.app/TipCalc";
			};
			name = Debug;
		};
		B74C515F1FFBA75900127AFA /* Release */ = {
			isa = XCBuildConfiguration;
			buildSettings = {
				ALWAYS_EMBED_SWIFT_STANDARD_LIBRARIES = YES;
				BUNDLE_LOADER = "$(TEST_HOST)";
				CODE_SIGN_STYLE = Automatic;
				INFOPLIST_FILE = TipCalcTests/Info.plist;
				LD_RUNPATH_SEARCH_PATHS = "$(inherited) @executable_path/Frameworks @loader_path/Frameworks";
				PRODUCT_BUNDLE_IDENTIFIER = com.maniknarang.TipCalcTests;
				PRODUCT_NAME = "$(TARGET_NAME)";
				SWIFT_VERSION = 4.0;
				TARGETED_DEVICE_FAMILY = "1,2";
				TEST_HOST = "$(BUILT_PRODUCTS_DIR)/TipCalc.app/TipCalc";
			};
			name = Release;
		};
		B74C51611FFBA75900127AFA /* Debug */ = {
			isa = XCBuildConfiguration;
			buildSettings = {
				ALWAYS_EMBED_SWIFT_STANDARD_LIBRARIES = YES;
				CODE_SIGN_STYLE = Automatic;
				INFOPLIST_FILE = TipCalcUITests/Info.plist;
				LD_RUNPATH_SEARCH_PATHS = "$(inherited) @executable_path/Frameworks @loader_path/Frameworks";
				PRODUCT_BUNDLE_IDENTIFIER = com.maniknarang.TipCalcUITests;
				PRODUCT_NAME = "$(TARGET_NAME)";
				SWIFT_VERSION = 4.0;
				TARGETED_DEVICE_FAMILY = "1,2";
				TEST_TARGET_NAME = TipCalc;
			};
			name = Debug;
		};
		B74C51621FFBA75900127AFA /* Release */ = {
			isa = XCBuildConfiguration;
			buildSettings = {
				ALWAYS_EMBED_SWIFT_STANDARD_LIBRARIES = YES;
				CODE_SIGN_STYLE = Automatic;
				INFOPLIST_FILE = TipCalcUITests/Info.plist;
				LD_RUNPATH_SEARCH_PATHS = "$(inherited) @executable_path/Frameworks @loader_path/Frameworks";
				PRODUCT_BUNDLE_IDENTIFIER = com.maniknarang.TipCalcUITests;
				PRODUCT_NAME = "$(TARGET_NAME)";
				SWIFT_VERSION = 4.0;
				TARGETED_DEVICE_FAMILY = "1,2";
				TEST_TARGET_NAME = TipCalc;
			};
			name = Release;
		};
/* End XCBuildConfiguration section */

/* Begin XCConfigurationList section */
		B74C512D1FFBA75800127AFA /* Build configuration list for PBXProject "TipCalc" */ = {
			isa = XCConfigurationList;
			buildConfigurations = (
				B74C51581FFBA75900127AFA /* Debug */,
				B74C51591FFBA75900127AFA /* Release */,
			);
			defaultConfigurationIsVisible = 0;
			defaultConfigurationName = Release;
		};
		B74C515A1FFBA75900127AFA /* Build configuration list for PBXNativeTarget "TipCalc" */ = {
			isa = XCConfigurationList;
			buildConfigurations = (
				B74C515B1FFBA75900127AFA /* Debug */,
				B74C515C1FFBA75900127AFA /* Release */,
			);
			defaultConfigurationIsVisible = 0;
			defaultConfigurationName = Release;
		};
		B74C515D1FFBA75900127AFA /* Build configuration list for PBXNativeTarget "TipCalcTests" */ = {
			isa = XCConfigurationList;
			buildConfigurations = (
				B74C515E1FFBA75900127AFA /* Debug */,
				B74C515F1FFBA75900127AFA /* Release */,
			);
			defaultConfigurationIsVisible = 0;
			defaultConfigurationName = Release;
		};
		B74C51601FFBA75900127AFA /* Build configuration list for PBXNativeTarget "TipCalcUITests" */ = {
			isa = XCConfigurationList;
			buildConfigurations = (
				B74C51611FFBA75900127AFA /* Debug */,
				B74C51621FFBA75900127AFA /* Release */,
			);
			defaultConfigurationIsVisible = 0;
			defaultConfigurationName = Release;
		};
/* End XCConfigurationList section */
	};
	rootObject = B74C512A1FFBA75800127AFA /* Project object */;
}
